
Microsoft Visual Studio Solution File, Format Version 12.00
# Visual Studio Version 17
VisualStudioVersion = 17.1.32104.313
MinimumVisualStudioVersion = 10.0.40219.1
Project("{2150E333-8FDC-42A3-9474-1A3956D46DE8}") = "src", "src", "{F0C2776B-2708-42DB-9DB3-E82D65AEFA2B}"
EndProject
Project("{2150E333-8FDC-42A3-9474-1A3956D46DE8}") = "Xamarin", "Xamarin", "{4EBF9E81-79B4-460D-92EF-40458190F6FD}"
EndProject
Project("{2150E333-8FDC-42A3-9474-1A3956D46DE8}") = "CrossPlatform", "CrossPlatform", "{37DCC9AA-2656-4624-928C-5551D8DB5E46}"
EndProject
Project("{9A19103F-16F7-4668-BE54-9A1E7A4F7556}") = "Erni.Mobile", "src\CrossPlatform\Xamarin\Erni.Mobile\Erni.Mobile.csproj", "{0C774107-63A9-407A-9098-3A8D273C7323}"
EndProject
Project("{FAE04EC0-301F-11D3-BF4B-00C04F79EFBC}") = "Erni.Mobile.Android", "src\CrossPlatform\Xamarin\Erni.Mobile.Android\Erni.Mobile.Android.csproj", "{0400A24B-4B4A-45B8-B424-833C2B761706}"
EndProject
Project("{FAE04EC0-301F-11D3-BF4B-00C04F79EFBC}") = "Erni.Mobile.iOS", "src\CrossPlatform\Xamarin\Erni.Mobile.iOS\Erni.Mobile.iOS.csproj", "{CDC1C086-E447-4183-83C6-C985DB842443}"
EndProject
Project("{FAE04EC0-301F-11D3-BF4B-00C04F79EFBC}") = "Erni.Mobile.UWP", "src\CrossPlatform\Xamarin\Erni.Mobile.UWP\Erni.Mobile.UWP.csproj", "{993259EA-EBF5-4E0F-A705-55C13EC49DC7}"
EndProject
Project("{2150E333-8FDC-42A3-9474-1A3956D46DE8}") = "docs", "docs", "{25ED61A0-6F6C-4BE6-85C5-145E87B7F63A}"
	ProjectSection(SolutionItems) = preProject
		AUTHORS.md = AUTHORS.md
		CODE_OF_CONDUCT.md = CODE_OF_CONDUCT.md
		CONTRIBUTING.md = CONTRIBUTING.md
		LICENSE = LICENSE
		README.md = README.md
	EndProjectSection
EndProject
Project("{2150E333-8FDC-42A3-9474-1A3956D46DE8}") = "CrossPlatform", "CrossPlatform", "{F2E54989-FB65-45E3-9223-6664F998F5D3}"
EndProject
Project("{2150E333-8FDC-42A3-9474-1A3956D46DE8}") = "Flutter", "Flutter", "{8F0F1F3B-A3AF-46D2-A8B3-8AD131F47262}"
	ProjectSection(SolutionItems) = preProject
		docs\CrossPlatform\Flutter\README.md = docs\CrossPlatform\Flutter\README.md
	EndProjectSection
EndProject
Project("{2150E333-8FDC-42A3-9474-1A3956D46DE8}") = "Ionic", "Ionic", "{30C9D310-E938-4AB9-BCB9-CD71E52C29AF}"
	ProjectSection(SolutionItems) = preProject
		docs\CrossPlatform\Ionic\README.md = docs\CrossPlatform\Ionic\README.md
	EndProjectSection
EndProject
Project("{2150E333-8FDC-42A3-9474-1A3956D46DE8}") = "ReactNative", "ReactNative", "{3368C55C-0FC1-4019-A956-AB2BE569DE07}"
	ProjectSection(SolutionItems) = preProject
		docs\CrossPlatform\ReactNative\README.md = docs\CrossPlatform\ReactNative\README.md
	EndProjectSection
EndProject
Project("{2150E333-8FDC-42A3-9474-1A3956D46DE8}") = "Maui", "Maui", "{19150A06-0119-498F-9B97-01A92C8E2EFA}"
	ProjectSection(SolutionItems) = preProject
		docs\CrossPlatform\Maui\README.md = docs\CrossPlatform\Maui\README.md
	EndProjectSection
EndProject
Project("{2150E333-8FDC-42A3-9474-1A3956D46DE8}") = "Xamarin", "Xamarin", "{A7A4D616-D5D5-4429-B49F-DD5CD9E6D9A3}"
	ProjectSection(SolutionItems) = preProject
		docs\CrossPlatform\Xamarin\README.md = docs\CrossPlatform\Xamarin\README.md
	EndProjectSection
EndProject
Project("{2150E333-8FDC-42A3-9474-1A3956D46DE8}") = "Native", "Native", "{511B06EA-BC95-4936-A400-51DA2DF987C7}"
EndProject
Project("{2150E333-8FDC-42A3-9474-1A3956D46DE8}") = "Android", "Android", "{DB92235E-2CBF-477D-9325-0CD9B5C301B4}"
EndProject
Project("{2150E333-8FDC-42A3-9474-1A3956D46DE8}") = "iOS", "iOS", "{470AB180-EBB6-4AAA-BA8A-7DE1B9BC95C8}"
EndProject
Project("{2150E333-8FDC-42A3-9474-1A3956D46DE8}") = "scripts", "scripts", "{A77ADE6A-9453-4270-BA8F-A8B4B384FBB6}"
EndProject
Project("{2150E333-8FDC-42A3-9474-1A3956D46DE8}") = "CrossPlatform", "CrossPlatform", "{8A4FD764-C47E-4359-9330-8AE34F3960EB}"
EndProject
Project("{2150E333-8FDC-42A3-9474-1A3956D46DE8}") = "Xamarin", "Xamarin", "{360C26AA-755E-48E6-A7D4-9285712E6DFF}"
	ProjectSection(SolutionItems) = preProject
		scripts\CrossPlatform\Xamarin\azure-pipelines.yml = scripts\CrossPlatform\Xamarin\azure-pipelines.yml
	EndProjectSection
EndProject
Project("{2150E333-8FDC-42A3-9474-1A3956D46DE8}") = "Github", "Github", "{C2E65619-BE1A-4465-8BF9-38C7D11CFE6A}"
	ProjectSection(SolutionItems) = preProject
		.github\config.yml = .github\config.yml
	EndProjectSection
EndProject
Project("{2150E333-8FDC-42A3-9474-1A3956D46DE8}") = "Workflows", "Workflows", "{B6AC2CF5-775F-4AD8-8EDC-A810E3746D50}"
	ProjectSection(SolutionItems) = preProject
		.github\workflows\CI-Xamarin.Forms.Android.yml = .github\workflows\CI-Xamarin.Forms.Android.yml
		.github\workflows\CI-Xamarin.Forms.iOS.yml = .github\workflows\CI-Xamarin.Forms.iOS.yml
		.github\workflows\CI-Xamarin.Forms.UWP.yml = .github\workflows\CI-Xamarin.Forms.UWP.yml
	EndProjectSection
EndProject
Project("{2150E333-8FDC-42A3-9474-1A3956D46DE8}") = "UwpInstaller", "UwpInstaller", "{7AFA422B-7BD0-4592-8803-B0B95BA0C971}"
	ProjectSection(SolutionItems) = preProject
		scripts\CrossPlatform\Xamarin\UwpInstaller\Generate-AppxMsi.ps1 = scripts\CrossPlatform\Xamarin\UwpInstaller\Generate-AppxMsi.ps1
		scripts\CrossPlatform\Xamarin\UwpInstaller\Install-CertificateAndSideLoad.ps1 = scripts\CrossPlatform\Xamarin\UwpInstaller\Install-CertificateAndSideLoad.ps1
		scripts\CrossPlatform\Xamarin\UwpInstaller\Install-UntrustedAppx.ps1 = scripts\CrossPlatform\Xamarin\UwpInstaller\Install-UntrustedAppx.ps1
		scripts\CrossPlatform\Xamarin\UwpInstaller\Template_x64.wxs = scripts\CrossPlatform\Xamarin\UwpInstaller\Template_x64.wxs
		scripts\CrossPlatform\Xamarin\UwpInstaller\Template_x86.wxs = scripts\CrossPlatform\Xamarin\UwpInstaller\Template_x86.wxs
		scripts\CrossPlatform\Xamarin\UwpInstaller\Uninstall-UntrustedAppx.ps1 = scripts\CrossPlatform\Xamarin\UwpInstaller\Uninstall-UntrustedAppx.ps1
	EndProjectSection
EndProject
Project("{2150E333-8FDC-42A3-9474-1A3956D46DE8}") = "Maui", "Maui", "{AE5D24F5-011F-4632-94E2-5503E05B4B1F}"
EndProject
Project("{9A19103F-16F7-4668-BE54-9A1E7A4F7556}") = "Erni.Mobile.MAUI", "src\CrossPlatform\MAUI\Erni.Mobile.MAUI\Erni.Mobile.MAUI.csproj", "{35E68BD4-2E78-4B7F-88E5-C398234E397B}"
EndProject
Project("{2150E333-8FDC-42A3-9474-1A3956D46DE8}") = "src", "src", "{EF41C1D2-CF13-4222-B450-9B57338404B8}"
EndProject
Project("{2150E333-8FDC-42A3-9474-1A3956D46DE8}") = "AutomationTesting", "AutomationTesting", "{C097E421-5625-4A1C-98FF-06DC3904376B}"
EndProject
Project("{9A19103F-16F7-4668-BE54-9A1E7A4F7556}") = "Erni.Mobile.Test", "src\CrossPlatform\Xamarin\Erni.Mobile.Test\Erni.Mobile.Test.csproj", "{71B5955F-0BF0-4D63-8BC8-1BE9DA28F194}"
EndProject
Project("{2150E333-8FDC-42A3-9474-1A3956D46DE8}") = "test", "test", "{2EB05E50-73DE-4157-BE8A-943DF77D0B0D}"
EndProject
Project("{2150E333-8FDC-42A3-9474-1A3956D46DE8}") = "Core", "Core", "{2F5928EA-8B94-4DA6-A100-8B3FB95DC0F2}"
EndProject
Project("{2150E333-8FDC-42A3-9474-1A3956D46DE8}") = "Engines", "Engines", "{34886A90-D7B2-409B-A7F5-B55BDE35E89E}"
EndProject
Project("{9A19103F-16F7-4668-BE54-9A1E7A4F7556}") = "TestWare.Core", "automationtestware\src\Core\TestWare.Core\TestWare.Core.csproj", "{A827DB82-B171-4C4C-A4D9-2F30EE91DBA1}"
EndProject
Project("{9A19103F-16F7-4668-BE54-9A1E7A4F7556}") = "TestWare.ExtentReport", "automationtestware\src\Core\TestWare.TestReport\TestWare.ExtentReport.csproj", "{8D987419-887A-4404-8F73-8C58689DBD3E}"
EndProject
Project("{9A19103F-16F7-4668-BE54-9A1E7A4F7556}") = "TestWare.Engines.Appium", "automationtestware\src\Engines\TestWare.Engines.Appium\TestWare.Engines.Appium.csproj", "{7BD10C1C-AF70-4729-8B23-64170BE6DE57}"
EndProject
Project("{9A19103F-16F7-4668-BE54-9A1E7A4F7556}") = "TestWare.Engines.Selenium", "automationtestware\src\Engines\TestWare.Engines.Selenium\TestWare.Engines.Selenium.csproj", "{5F1F0C30-1615-4206-906A-55FF80A8F473}"
EndProject
Project("{9A19103F-16F7-4668-BE54-9A1E7A4F7556}") = "TestWare.Engines.Appium.WinAppDriver", "automationtestware\src\Engines\TestWare.Engines.WinAppDriver\TestWare.Engines.Appium.WinAppDriver.csproj", "{C5FB65A1-E8D4-4A95-A967-82DE8C3320A0}"
EndProject
Project("{2150E333-8FDC-42A3-9474-1A3956D46DE8}") = "src", "src", "{BAF82B72-CE27-41F6-9B0F-FB6B59F172EB}"
EndProject
Project("{2150E333-8FDC-42A3-9474-1A3956D46DE8}") = "test", "test", "{3EB25FFC-B637-451F-B290-E07B61171A5F}"
EndProject
Project("{9A19103F-16F7-4668-BE54-9A1E7A4F7556}") = "Erni.Mobile.MAUI.Test", "src\CrossPlatform\MAUI\Erni.Mobile.MAUI.Test\Erni.Mobile.MAUI.Test.csproj", "{734232C6-8F7E-410E-922B-9AC190805569}"
EndProject
Global
	GlobalSection(SolutionConfigurationPlatforms) = preSolution
		Debug|Any CPU = Debug|Any CPU
		Debug|ARM = Debug|ARM
		Debug|iPhone = Debug|iPhone
		Debug|iPhoneSimulator = Debug|iPhoneSimulator
		Debug|x64 = Debug|x64
		Debug|x86 = Debug|x86
		Release|Any CPU = Release|Any CPU
		Release|ARM = Release|ARM
		Release|iPhone = Release|iPhone
		Release|iPhoneSimulator = Release|iPhoneSimulator
		Release|x64 = Release|x64
		Release|x86 = Release|x86
	EndGlobalSection
	GlobalSection(ProjectConfigurationPlatforms) = postSolution
		{0C774107-63A9-407A-9098-3A8D273C7323}.Debug|Any CPU.ActiveCfg = Debug|Any CPU
		{0C774107-63A9-407A-9098-3A8D273C7323}.Debug|Any CPU.Build.0 = Debug|Any CPU
		{0C774107-63A9-407A-9098-3A8D273C7323}.Debug|ARM.ActiveCfg = Debug|Any CPU
		{0C774107-63A9-407A-9098-3A8D273C7323}.Debug|ARM.Build.0 = Debug|Any CPU
		{0C774107-63A9-407A-9098-3A8D273C7323}.Debug|iPhone.ActiveCfg = Debug|Any CPU
		{0C774107-63A9-407A-9098-3A8D273C7323}.Debug|iPhone.Build.0 = Debug|Any CPU
		{0C774107-63A9-407A-9098-3A8D273C7323}.Debug|iPhoneSimulator.ActiveCfg = Debug|Any CPU
		{0C774107-63A9-407A-9098-3A8D273C7323}.Debug|iPhoneSimulator.Build.0 = Debug|Any CPU
		{0C774107-63A9-407A-9098-3A8D273C7323}.Debug|x64.ActiveCfg = Debug|Any CPU
		{0C774107-63A9-407A-9098-3A8D273C7323}.Debug|x64.Build.0 = Debug|Any CPU
		{0C774107-63A9-407A-9098-3A8D273C7323}.Debug|x86.ActiveCfg = Debug|Any CPU
		{0C774107-63A9-407A-9098-3A8D273C7323}.Debug|x86.Build.0 = Debug|Any CPU
		{0C774107-63A9-407A-9098-3A8D273C7323}.Release|Any CPU.ActiveCfg = Release|Any CPU
		{0C774107-63A9-407A-9098-3A8D273C7323}.Release|Any CPU.Build.0 = Release|Any CPU
		{0C774107-63A9-407A-9098-3A8D273C7323}.Release|ARM.ActiveCfg = Release|Any CPU
		{0C774107-63A9-407A-9098-3A8D273C7323}.Release|ARM.Build.0 = Release|Any CPU
		{0C774107-63A9-407A-9098-3A8D273C7323}.Release|iPhone.ActiveCfg = Release|Any CPU
		{0C774107-63A9-407A-9098-3A8D273C7323}.Release|iPhone.Build.0 = Release|Any CPU
		{0C774107-63A9-407A-9098-3A8D273C7323}.Release|iPhoneSimulator.ActiveCfg = Release|Any CPU
		{0C774107-63A9-407A-9098-3A8D273C7323}.Release|iPhoneSimulator.Build.0 = Release|Any CPU
		{0C774107-63A9-407A-9098-3A8D273C7323}.Release|x64.ActiveCfg = Release|Any CPU
		{0C774107-63A9-407A-9098-3A8D273C7323}.Release|x64.Build.0 = Release|Any CPU
		{0C774107-63A9-407A-9098-3A8D273C7323}.Release|x86.ActiveCfg = Release|Any CPU
		{0C774107-63A9-407A-9098-3A8D273C7323}.Release|x86.Build.0 = Release|Any CPU
		{0400A24B-4B4A-45B8-B424-833C2B761706}.Debug|Any CPU.ActiveCfg = Debug|Any CPU
		{0400A24B-4B4A-45B8-B424-833C2B761706}.Debug|Any CPU.Build.0 = Debug|Any CPU
		{0400A24B-4B4A-45B8-B424-833C2B761706}.Debug|Any CPU.Deploy.0 = Debug|Any CPU
		{0400A24B-4B4A-45B8-B424-833C2B761706}.Debug|ARM.ActiveCfg = Debug|Any CPU
		{0400A24B-4B4A-45B8-B424-833C2B761706}.Debug|ARM.Build.0 = Debug|Any CPU
		{0400A24B-4B4A-45B8-B424-833C2B761706}.Debug|ARM.Deploy.0 = Debug|Any CPU
		{0400A24B-4B4A-45B8-B424-833C2B761706}.Debug|iPhone.ActiveCfg = Debug|Any CPU
		{0400A24B-4B4A-45B8-B424-833C2B761706}.Debug|iPhone.Build.0 = Debug|Any CPU
		{0400A24B-4B4A-45B8-B424-833C2B761706}.Debug|iPhone.Deploy.0 = Debug|Any CPU
		{0400A24B-4B4A-45B8-B424-833C2B761706}.Debug|iPhoneSimulator.ActiveCfg = Debug|Any CPU
		{0400A24B-4B4A-45B8-B424-833C2B761706}.Debug|iPhoneSimulator.Build.0 = Debug|Any CPU
		{0400A24B-4B4A-45B8-B424-833C2B761706}.Debug|iPhoneSimulator.Deploy.0 = Debug|Any CPU
		{0400A24B-4B4A-45B8-B424-833C2B761706}.Debug|x64.ActiveCfg = Debug|Any CPU
		{0400A24B-4B4A-45B8-B424-833C2B761706}.Debug|x64.Build.0 = Debug|Any CPU
		{0400A24B-4B4A-45B8-B424-833C2B761706}.Debug|x64.Deploy.0 = Debug|Any CPU
		{0400A24B-4B4A-45B8-B424-833C2B761706}.Debug|x86.ActiveCfg = Debug|Any CPU
		{0400A24B-4B4A-45B8-B424-833C2B761706}.Debug|x86.Build.0 = Debug|Any CPU
		{0400A24B-4B4A-45B8-B424-833C2B761706}.Debug|x86.Deploy.0 = Debug|Any CPU
		{0400A24B-4B4A-45B8-B424-833C2B761706}.Release|Any CPU.ActiveCfg = Release|Any CPU
		{0400A24B-4B4A-45B8-B424-833C2B761706}.Release|Any CPU.Build.0 = Release|Any CPU
		{0400A24B-4B4A-45B8-B424-833C2B761706}.Release|Any CPU.Deploy.0 = Release|Any CPU
		{0400A24B-4B4A-45B8-B424-833C2B761706}.Release|ARM.ActiveCfg = Release|Any CPU
		{0400A24B-4B4A-45B8-B424-833C2B761706}.Release|ARM.Build.0 = Release|Any CPU
		{0400A24B-4B4A-45B8-B424-833C2B761706}.Release|ARM.Deploy.0 = Release|Any CPU
		{0400A24B-4B4A-45B8-B424-833C2B761706}.Release|iPhone.ActiveCfg = Release|Any CPU
		{0400A24B-4B4A-45B8-B424-833C2B761706}.Release|iPhone.Build.0 = Release|Any CPU
		{0400A24B-4B4A-45B8-B424-833C2B761706}.Release|iPhone.Deploy.0 = Release|Any CPU
		{0400A24B-4B4A-45B8-B424-833C2B761706}.Release|iPhoneSimulator.ActiveCfg = Release|Any CPU
		{0400A24B-4B4A-45B8-B424-833C2B761706}.Release|iPhoneSimulator.Build.0 = Release|Any CPU
		{0400A24B-4B4A-45B8-B424-833C2B761706}.Release|iPhoneSimulator.Deploy.0 = Release|Any CPU
		{0400A24B-4B4A-45B8-B424-833C2B761706}.Release|x64.ActiveCfg = Release|Any CPU
		{0400A24B-4B4A-45B8-B424-833C2B761706}.Release|x64.Build.0 = Release|Any CPU
		{0400A24B-4B4A-45B8-B424-833C2B761706}.Release|x64.Deploy.0 = Release|Any CPU
		{0400A24B-4B4A-45B8-B424-833C2B761706}.Release|x86.ActiveCfg = Release|Any CPU
		{0400A24B-4B4A-45B8-B424-833C2B761706}.Release|x86.Build.0 = Release|Any CPU
		{0400A24B-4B4A-45B8-B424-833C2B761706}.Release|x86.Deploy.0 = Release|Any CPU
		{CDC1C086-E447-4183-83C6-C985DB842443}.Debug|Any CPU.ActiveCfg = Debug|iPhoneSimulator
		{CDC1C086-E447-4183-83C6-C985DB842443}.Debug|Any CPU.Build.0 = Debug|iPhoneSimulator
		{CDC1C086-E447-4183-83C6-C985DB842443}.Debug|ARM.ActiveCfg = Debug|iPhoneSimulator
		{CDC1C086-E447-4183-83C6-C985DB842443}.Debug|ARM.Build.0 = Debug|iPhoneSimulator
		{CDC1C086-E447-4183-83C6-C985DB842443}.Debug|iPhone.ActiveCfg = Debug|iPhone
		{CDC1C086-E447-4183-83C6-C985DB842443}.Debug|iPhone.Build.0 = Debug|iPhone
		{CDC1C086-E447-4183-83C6-C985DB842443}.Debug|iPhone.Deploy.0 = Debug|iPhone
		{CDC1C086-E447-4183-83C6-C985DB842443}.Debug|iPhoneSimulator.ActiveCfg = Debug|iPhoneSimulator
		{CDC1C086-E447-4183-83C6-C985DB842443}.Debug|iPhoneSimulator.Build.0 = Debug|iPhoneSimulator
		{CDC1C086-E447-4183-83C6-C985DB842443}.Debug|x64.ActiveCfg = Debug|iPhoneSimulator
		{CDC1C086-E447-4183-83C6-C985DB842443}.Debug|x64.Build.0 = Debug|iPhoneSimulator
		{CDC1C086-E447-4183-83C6-C985DB842443}.Debug|x86.ActiveCfg = Debug|iPhoneSimulator
		{CDC1C086-E447-4183-83C6-C985DB842443}.Debug|x86.Build.0 = Debug|iPhoneSimulator
		{CDC1C086-E447-4183-83C6-C985DB842443}.Release|Any CPU.ActiveCfg = Release|iPhoneSimulator
		{CDC1C086-E447-4183-83C6-C985DB842443}.Release|Any CPU.Build.0 = Release|iPhoneSimulator
		{CDC1C086-E447-4183-83C6-C985DB842443}.Release|ARM.ActiveCfg = Release|iPhoneSimulator
		{CDC1C086-E447-4183-83C6-C985DB842443}.Release|ARM.Build.0 = Release|iPhoneSimulator
		{CDC1C086-E447-4183-83C6-C985DB842443}.Release|iPhone.ActiveCfg = Release|iPhone
		{CDC1C086-E447-4183-83C6-C985DB842443}.Release|iPhone.Build.0 = Release|iPhone
		{CDC1C086-E447-4183-83C6-C985DB842443}.Release|iPhoneSimulator.ActiveCfg = Release|iPhoneSimulator
		{CDC1C086-E447-4183-83C6-C985DB842443}.Release|iPhoneSimulator.Build.0 = Release|iPhoneSimulator
		{CDC1C086-E447-4183-83C6-C985DB842443}.Release|x64.ActiveCfg = Release|iPhoneSimulator
		{CDC1C086-E447-4183-83C6-C985DB842443}.Release|x64.Build.0 = Release|iPhoneSimulator
		{CDC1C086-E447-4183-83C6-C985DB842443}.Release|x86.ActiveCfg = Release|iPhoneSimulator
		{CDC1C086-E447-4183-83C6-C985DB842443}.Release|x86.Build.0 = Release|iPhoneSimulator
		{993259EA-EBF5-4E0F-A705-55C13EC49DC7}.Debug|Any CPU.ActiveCfg = Debug|x64
		{993259EA-EBF5-4E0F-A705-55C13EC49DC7}.Debug|Any CPU.Build.0 = Debug|x64
		{993259EA-EBF5-4E0F-A705-55C13EC49DC7}.Debug|Any CPU.Deploy.0 = Debug|x64
		{993259EA-EBF5-4E0F-A705-55C13EC49DC7}.Debug|ARM.ActiveCfg = Debug|ARM
		{993259EA-EBF5-4E0F-A705-55C13EC49DC7}.Debug|ARM.Build.0 = Debug|ARM
		{993259EA-EBF5-4E0F-A705-55C13EC49DC7}.Debug|ARM.Deploy.0 = Debug|ARM
		{993259EA-EBF5-4E0F-A705-55C13EC49DC7}.Debug|iPhone.ActiveCfg = Debug|x64
		{993259EA-EBF5-4E0F-A705-55C13EC49DC7}.Debug|iPhone.Build.0 = Debug|x64
		{993259EA-EBF5-4E0F-A705-55C13EC49DC7}.Debug|iPhone.Deploy.0 = Debug|x64
		{993259EA-EBF5-4E0F-A705-55C13EC49DC7}.Debug|iPhoneSimulator.ActiveCfg = Debug|x64
		{993259EA-EBF5-4E0F-A705-55C13EC49DC7}.Debug|iPhoneSimulator.Build.0 = Debug|x64
		{993259EA-EBF5-4E0F-A705-55C13EC49DC7}.Debug|iPhoneSimulator.Deploy.0 = Debug|x64
		{993259EA-EBF5-4E0F-A705-55C13EC49DC7}.Debug|x64.ActiveCfg = Debug|x64
		{993259EA-EBF5-4E0F-A705-55C13EC49DC7}.Debug|x64.Build.0 = Debug|x64
		{993259EA-EBF5-4E0F-A705-55C13EC49DC7}.Debug|x64.Deploy.0 = Debug|x64
		{993259EA-EBF5-4E0F-A705-55C13EC49DC7}.Debug|x86.ActiveCfg = Debug|x86
		{993259EA-EBF5-4E0F-A705-55C13EC49DC7}.Debug|x86.Build.0 = Debug|x86
		{993259EA-EBF5-4E0F-A705-55C13EC49DC7}.Debug|x86.Deploy.0 = Debug|x86
		{993259EA-EBF5-4E0F-A705-55C13EC49DC7}.Release|Any CPU.ActiveCfg = Release|x64
		{993259EA-EBF5-4E0F-A705-55C13EC49DC7}.Release|Any CPU.Build.0 = Release|x64
		{993259EA-EBF5-4E0F-A705-55C13EC49DC7}.Release|Any CPU.Deploy.0 = Release|x64
		{993259EA-EBF5-4E0F-A705-55C13EC49DC7}.Release|ARM.ActiveCfg = Release|ARM
		{993259EA-EBF5-4E0F-A705-55C13EC49DC7}.Release|ARM.Build.0 = Release|ARM
		{993259EA-EBF5-4E0F-A705-55C13EC49DC7}.Release|ARM.Deploy.0 = Release|ARM
		{993259EA-EBF5-4E0F-A705-55C13EC49DC7}.Release|iPhone.ActiveCfg = Release|x64
		{993259EA-EBF5-4E0F-A705-55C13EC49DC7}.Release|iPhone.Build.0 = Release|x64
		{993259EA-EBF5-4E0F-A705-55C13EC49DC7}.Release|iPhone.Deploy.0 = Release|x64
		{993259EA-EBF5-4E0F-A705-55C13EC49DC7}.Release|iPhoneSimulator.ActiveCfg = Release|x64
		{993259EA-EBF5-4E0F-A705-55C13EC49DC7}.Release|iPhoneSimulator.Build.0 = Release|x64
		{993259EA-EBF5-4E0F-A705-55C13EC49DC7}.Release|iPhoneSimulator.Deploy.0 = Release|x64
		{993259EA-EBF5-4E0F-A705-55C13EC49DC7}.Release|x64.ActiveCfg = Release|x64
		{993259EA-EBF5-4E0F-A705-55C13EC49DC7}.Release|x64.Build.0 = Release|x64
		{993259EA-EBF5-4E0F-A705-55C13EC49DC7}.Release|x64.Deploy.0 = Release|x64
		{993259EA-EBF5-4E0F-A705-55C13EC49DC7}.Release|x86.ActiveCfg = Release|x86
		{993259EA-EBF5-4E0F-A705-55C13EC49DC7}.Release|x86.Build.0 = Release|x86
		{993259EA-EBF5-4E0F-A705-55C13EC49DC7}.Release|x86.Deploy.0 = Release|x86
		{35E68BD4-2E78-4B7F-88E5-C398234E397B}.Debug|Any CPU.ActiveCfg = Debug|Any CPU
		{35E68BD4-2E78-4B7F-88E5-C398234E397B}.Debug|Any CPU.Build.0 = Debug|Any CPU
		{35E68BD4-2E78-4B7F-88E5-C398234E397B}.Debug|Any CPU.Deploy.0 = Debug|Any CPU
		{35E68BD4-2E78-4B7F-88E5-C398234E397B}.Debug|ARM.ActiveCfg = Debug|Any CPU
		{35E68BD4-2E78-4B7F-88E5-C398234E397B}.Debug|ARM.Build.0 = Debug|Any CPU
		{35E68BD4-2E78-4B7F-88E5-C398234E397B}.Debug|ARM.Deploy.0 = Debug|Any CPU
		{35E68BD4-2E78-4B7F-88E5-C398234E397B}.Debug|iPhone.ActiveCfg = Debug|Any CPU
		{35E68BD4-2E78-4B7F-88E5-C398234E397B}.Debug|iPhone.Build.0 = Debug|Any CPU
		{35E68BD4-2E78-4B7F-88E5-C398234E397B}.Debug|iPhone.Deploy.0 = Debug|Any CPU
		{35E68BD4-2E78-4B7F-88E5-C398234E397B}.Debug|iPhoneSimulator.ActiveCfg = Debug|Any CPU
		{35E68BD4-2E78-4B7F-88E5-C398234E397B}.Debug|iPhoneSimulator.Build.0 = Debug|Any CPU
		{35E68BD4-2E78-4B7F-88E5-C398234E397B}.Debug|iPhoneSimulator.Deploy.0 = Debug|Any CPU
		{35E68BD4-2E78-4B7F-88E5-C398234E397B}.Debug|x64.ActiveCfg = Debug|Any CPU
		{35E68BD4-2E78-4B7F-88E5-C398234E397B}.Debug|x64.Build.0 = Debug|Any CPU
		{35E68BD4-2E78-4B7F-88E5-C398234E397B}.Debug|x64.Deploy.0 = Debug|Any CPU
		{35E68BD4-2E78-4B7F-88E5-C398234E397B}.Debug|x86.ActiveCfg = Debug|Any CPU
		{35E68BD4-2E78-4B7F-88E5-C398234E397B}.Debug|x86.Build.0 = Debug|Any CPU
		{35E68BD4-2E78-4B7F-88E5-C398234E397B}.Debug|x86.Deploy.0 = Debug|Any CPU
		{35E68BD4-2E78-4B7F-88E5-C398234E397B}.Release|Any CPU.ActiveCfg = Release|Any CPU
		{35E68BD4-2E78-4B7F-88E5-C398234E397B}.Release|Any CPU.Build.0 = Release|Any CPU
		{35E68BD4-2E78-4B7F-88E5-C398234E397B}.Release|Any CPU.Deploy.0 = Release|Any CPU
		{35E68BD4-2E78-4B7F-88E5-C398234E397B}.Release|ARM.ActiveCfg = Release|Any CPU
		{35E68BD4-2E78-4B7F-88E5-C398234E397B}.Release|ARM.Build.0 = Release|Any CPU
		{35E68BD4-2E78-4B7F-88E5-C398234E397B}.Release|ARM.Deploy.0 = Release|Any CPU
		{35E68BD4-2E78-4B7F-88E5-C398234E397B}.Release|iPhone.ActiveCfg = Release|Any CPU
		{35E68BD4-2E78-4B7F-88E5-C398234E397B}.Release|iPhone.Build.0 = Release|Any CPU
		{35E68BD4-2E78-4B7F-88E5-C398234E397B}.Release|iPhone.Deploy.0 = Release|Any CPU
		{35E68BD4-2E78-4B7F-88E5-C398234E397B}.Release|iPhoneSimulator.ActiveCfg = Release|Any CPU
		{35E68BD4-2E78-4B7F-88E5-C398234E397B}.Release|iPhoneSimulator.Build.0 = Release|Any CPU
		{35E68BD4-2E78-4B7F-88E5-C398234E397B}.Release|iPhoneSimulator.Deploy.0 = Release|Any CPU
		{35E68BD4-2E78-4B7F-88E5-C398234E397B}.Release|x64.ActiveCfg = Release|Any CPU
		{35E68BD4-2E78-4B7F-88E5-C398234E397B}.Release|x64.Build.0 = Release|Any CPU
		{35E68BD4-2E78-4B7F-88E5-C398234E397B}.Release|x64.Deploy.0 = Release|Any CPU
		{35E68BD4-2E78-4B7F-88E5-C398234E397B}.Release|x86.ActiveCfg = Release|Any CPU
		{35E68BD4-2E78-4B7F-88E5-C398234E397B}.Release|x86.Build.0 = Release|Any CPU
		{35E68BD4-2E78-4B7F-88E5-C398234E397B}.Release|x86.Deploy.0 = Release|Any CPU
		{71B5955F-0BF0-4D63-8BC8-1BE9DA28F194}.Debug|Any CPU.ActiveCfg = Debug|Any CPU
		{71B5955F-0BF0-4D63-8BC8-1BE9DA28F194}.Debug|Any CPU.Build.0 = Debug|Any CPU
		{71B5955F-0BF0-4D63-8BC8-1BE9DA28F194}.Debug|ARM.ActiveCfg = Debug|Any CPU
		{71B5955F-0BF0-4D63-8BC8-1BE9DA28F194}.Debug|ARM.Build.0 = Debug|Any CPU
		{71B5955F-0BF0-4D63-8BC8-1BE9DA28F194}.Debug|iPhone.ActiveCfg = Debug|Any CPU
		{71B5955F-0BF0-4D63-8BC8-1BE9DA28F194}.Debug|iPhone.Build.0 = Debug|Any CPU
		{71B5955F-0BF0-4D63-8BC8-1BE9DA28F194}.Debug|iPhoneSimulator.ActiveCfg = Debug|Any CPU
		{71B5955F-0BF0-4D63-8BC8-1BE9DA28F194}.Debug|iPhoneSimulator.Build.0 = Debug|Any CPU
		{71B5955F-0BF0-4D63-8BC8-1BE9DA28F194}.Debug|x64.ActiveCfg = Debug|Any CPU
		{71B5955F-0BF0-4D63-8BC8-1BE9DA28F194}.Debug|x64.Build.0 = Debug|Any CPU
		{71B5955F-0BF0-4D63-8BC8-1BE9DA28F194}.Debug|x86.ActiveCfg = Debug|Any CPU
		{71B5955F-0BF0-4D63-8BC8-1BE9DA28F194}.Debug|x86.Build.0 = Debug|Any CPU
		{71B5955F-0BF0-4D63-8BC8-1BE9DA28F194}.Release|Any CPU.ActiveCfg = Release|Any CPU
		{71B5955F-0BF0-4D63-8BC8-1BE9DA28F194}.Release|Any CPU.Build.0 = Release|Any CPU
		{71B5955F-0BF0-4D63-8BC8-1BE9DA28F194}.Release|ARM.ActiveCfg = Release|Any CPU
		{71B5955F-0BF0-4D63-8BC8-1BE9DA28F194}.Release|ARM.Build.0 = Release|Any CPU
		{71B5955F-0BF0-4D63-8BC8-1BE9DA28F194}.Release|iPhone.ActiveCfg = Release|Any CPU
		{71B5955F-0BF0-4D63-8BC8-1BE9DA28F194}.Release|iPhone.Build.0 = Release|Any CPU
		{71B5955F-0BF0-4D63-8BC8-1BE9DA28F194}.Release|iPhoneSimulator.ActiveCfg = Release|Any CPU
		{71B5955F-0BF0-4D63-8BC8-1BE9DA28F194}.Release|iPhoneSimulator.Build.0 = Release|Any CPU
		{71B5955F-0BF0-4D63-8BC8-1BE9DA28F194}.Release|x64.ActiveCfg = Release|Any CPU
		{71B5955F-0BF0-4D63-8BC8-1BE9DA28F194}.Release|x64.Build.0 = Release|Any CPU
		{71B5955F-0BF0-4D63-8BC8-1BE9DA28F194}.Release|x86.ActiveCfg = Release|Any CPU
		{71B5955F-0BF0-4D63-8BC8-1BE9DA28F194}.Release|x86.Build.0 = Release|Any CPU
		{A827DB82-B171-4C4C-A4D9-2F30EE91DBA1}.Debug|Any CPU.ActiveCfg = Debug|Any CPU
		{A827DB82-B171-4C4C-A4D9-2F30EE91DBA1}.Debug|Any CPU.Build.0 = Debug|Any CPU
		{A827DB82-B171-4C4C-A4D9-2F30EE91DBA1}.Debug|ARM.ActiveCfg = Debug|Any CPU
		{A827DB82-B171-4C4C-A4D9-2F30EE91DBA1}.Debug|ARM.Build.0 = Debug|Any CPU
		{A827DB82-B171-4C4C-A4D9-2F30EE91DBA1}.Debug|iPhone.ActiveCfg = Debug|Any CPU
		{A827DB82-B171-4C4C-A4D9-2F30EE91DBA1}.Debug|iPhone.Build.0 = Debug|Any CPU
		{A827DB82-B171-4C4C-A4D9-2F30EE91DBA1}.Debug|iPhoneSimulator.ActiveCfg = Debug|Any CPU
		{A827DB82-B171-4C4C-A4D9-2F30EE91DBA1}.Debug|iPhoneSimulator.Build.0 = Debug|Any CPU
		{A827DB82-B171-4C4C-A4D9-2F30EE91DBA1}.Debug|x64.ActiveCfg = Debug|Any CPU
		{A827DB82-B171-4C4C-A4D9-2F30EE91DBA1}.Debug|x64.Build.0 = Debug|Any CPU
		{A827DB82-B171-4C4C-A4D9-2F30EE91DBA1}.Debug|x86.ActiveCfg = Debug|Any CPU
		{A827DB82-B171-4C4C-A4D9-2F30EE91DBA1}.Debug|x86.Build.0 = Debug|Any CPU
		{A827DB82-B171-4C4C-A4D9-2F30EE91DBA1}.Release|Any CPU.ActiveCfg = Release|Any CPU
		{A827DB82-B171-4C4C-A4D9-2F30EE91DBA1}.Release|Any CPU.Build.0 = Release|Any CPU
		{A827DB82-B171-4C4C-A4D9-2F30EE91DBA1}.Release|ARM.ActiveCfg = Release|Any CPU
		{A827DB82-B171-4C4C-A4D9-2F30EE91DBA1}.Release|ARM.Build.0 = Release|Any CPU
		{A827DB82-B171-4C4C-A4D9-2F30EE91DBA1}.Release|iPhone.ActiveCfg = Release|Any CPU
		{A827DB82-B171-4C4C-A4D9-2F30EE91DBA1}.Release|iPhone.Build.0 = Release|Any CPU
		{A827DB82-B171-4C4C-A4D9-2F30EE91DBA1}.Release|iPhoneSimulator.ActiveCfg = Release|Any CPU
		{A827DB82-B171-4C4C-A4D9-2F30EE91DBA1}.Release|iPhoneSimulator.Build.0 = Release|Any CPU
		{A827DB82-B171-4C4C-A4D9-2F30EE91DBA1}.Release|x64.ActiveCfg = Release|Any CPU
		{A827DB82-B171-4C4C-A4D9-2F30EE91DBA1}.Release|x64.Build.0 = Release|Any CPU
		{A827DB82-B171-4C4C-A4D9-2F30EE91DBA1}.Release|x86.ActiveCfg = Release|Any CPU
		{A827DB82-B171-4C4C-A4D9-2F30EE91DBA1}.Release|x86.Build.0 = Release|Any CPU
		{8D987419-887A-4404-8F73-8C58689DBD3E}.Debug|Any CPU.ActiveCfg = Debug|Any CPU
		{8D987419-887A-4404-8F73-8C58689DBD3E}.Debug|Any CPU.Build.0 = Debug|Any CPU
		{8D987419-887A-4404-8F73-8C58689DBD3E}.Debug|ARM.ActiveCfg = Debug|Any CPU
		{8D987419-887A-4404-8F73-8C58689DBD3E}.Debug|ARM.Build.0 = Debug|Any CPU
		{8D987419-887A-4404-8F73-8C58689DBD3E}.Debug|iPhone.ActiveCfg = Debug|Any CPU
		{8D987419-887A-4404-8F73-8C58689DBD3E}.Debug|iPhone.Build.0 = Debug|Any CPU
		{8D987419-887A-4404-8F73-8C58689DBD3E}.Debug|iPhoneSimulator.ActiveCfg = Debug|Any CPU
		{8D987419-887A-4404-8F73-8C58689DBD3E}.Debug|iPhoneSimulator.Build.0 = Debug|Any CPU
		{8D987419-887A-4404-8F73-8C58689DBD3E}.Debug|x64.ActiveCfg = Debug|Any CPU
		{8D987419-887A-4404-8F73-8C58689DBD3E}.Debug|x64.Build.0 = Debug|Any CPU
		{8D987419-887A-4404-8F73-8C58689DBD3E}.Debug|x86.ActiveCfg = Debug|Any CPU
		{8D987419-887A-4404-8F73-8C58689DBD3E}.Debug|x86.Build.0 = Debug|Any CPU
		{8D987419-887A-4404-8F73-8C58689DBD3E}.Release|Any CPU.ActiveCfg = Release|Any CPU
		{8D987419-887A-4404-8F73-8C58689DBD3E}.Release|Any CPU.Build.0 = Release|Any CPU
		{8D987419-887A-4404-8F73-8C58689DBD3E}.Release|ARM.ActiveCfg = Release|Any CPU
		{8D987419-887A-4404-8F73-8C58689DBD3E}.Release|ARM.Build.0 = Release|Any CPU
		{8D987419-887A-4404-8F73-8C58689DBD3E}.Release|iPhone.ActiveCfg = Release|Any CPU
		{8D987419-887A-4404-8F73-8C58689DBD3E}.Release|iPhone.Build.0 = Release|Any CPU
		{8D987419-887A-4404-8F73-8C58689DBD3E}.Release|iPhoneSimulator.ActiveCfg = Release|Any CPU
		{8D987419-887A-4404-8F73-8C58689DBD3E}.Release|iPhoneSimulator.Build.0 = Release|Any CPU
		{8D987419-887A-4404-8F73-8C58689DBD3E}.Release|x64.ActiveCfg = Release|Any CPU
		{8D987419-887A-4404-8F73-8C58689DBD3E}.Release|x64.Build.0 = Release|Any CPU
		{8D987419-887A-4404-8F73-8C58689DBD3E}.Release|x86.ActiveCfg = Release|Any CPU
		{8D987419-887A-4404-8F73-8C58689DBD3E}.Release|x86.Build.0 = Release|Any CPU
		{7BD10C1C-AF70-4729-8B23-64170BE6DE57}.Debug|Any CPU.ActiveCfg = Debug|Any CPU
		{7BD10C1C-AF70-4729-8B23-64170BE6DE57}.Debug|Any CPU.Build.0 = Debug|Any CPU
		{7BD10C1C-AF70-4729-8B23-64170BE6DE57}.Debug|ARM.ActiveCfg = Debug|Any CPU
		{7BD10C1C-AF70-4729-8B23-64170BE6DE57}.Debug|ARM.Build.0 = Debug|Any CPU
		{7BD10C1C-AF70-4729-8B23-64170BE6DE57}.Debug|iPhone.ActiveCfg = Debug|Any CPU
		{7BD10C1C-AF70-4729-8B23-64170BE6DE57}.Debug|iPhone.Build.0 = Debug|Any CPU
		{7BD10C1C-AF70-4729-8B23-64170BE6DE57}.Debug|iPhoneSimulator.ActiveCfg = Debug|Any CPU
		{7BD10C1C-AF70-4729-8B23-64170BE6DE57}.Debug|iPhoneSimulator.Build.0 = Debug|Any CPU
		{7BD10C1C-AF70-4729-8B23-64170BE6DE57}.Debug|x64.ActiveCfg = Debug|Any CPU
		{7BD10C1C-AF70-4729-8B23-64170BE6DE57}.Debug|x64.Build.0 = Debug|Any CPU
		{7BD10C1C-AF70-4729-8B23-64170BE6DE57}.Debug|x86.ActiveCfg = Debug|Any CPU
		{7BD10C1C-AF70-4729-8B23-64170BE6DE57}.Debug|x86.Build.0 = Debug|Any CPU
		{7BD10C1C-AF70-4729-8B23-64170BE6DE57}.Release|Any CPU.ActiveCfg = Release|Any CPU
		{7BD10C1C-AF70-4729-8B23-64170BE6DE57}.Release|Any CPU.Build.0 = Release|Any CPU
		{7BD10C1C-AF70-4729-8B23-64170BE6DE57}.Release|ARM.ActiveCfg = Release|Any CPU
		{7BD10C1C-AF70-4729-8B23-64170BE6DE57}.Release|ARM.Build.0 = Release|Any CPU
		{7BD10C1C-AF70-4729-8B23-64170BE6DE57}.Release|iPhone.ActiveCfg = Release|Any CPU
		{7BD10C1C-AF70-4729-8B23-64170BE6DE57}.Release|iPhone.Build.0 = Release|Any CPU
		{7BD10C1C-AF70-4729-8B23-64170BE6DE57}.Release|iPhoneSimulator.ActiveCfg = Release|Any CPU
		{7BD10C1C-AF70-4729-8B23-64170BE6DE57}.Release|iPhoneSimulator.Build.0 = Release|Any CPU
		{7BD10C1C-AF70-4729-8B23-64170BE6DE57}.Release|x64.ActiveCfg = Release|Any CPU
		{7BD10C1C-AF70-4729-8B23-64170BE6DE57}.Release|x64.Build.0 = Release|Any CPU
		{7BD10C1C-AF70-4729-8B23-64170BE6DE57}.Release|x86.ActiveCfg = Release|Any CPU
		{7BD10C1C-AF70-4729-8B23-64170BE6DE57}.Release|x86.Build.0 = Release|Any CPU
		{5F1F0C30-1615-4206-906A-55FF80A8F473}.Debug|Any CPU.ActiveCfg = Debug|Any CPU
		{5F1F0C30-1615-4206-906A-55FF80A8F473}.Debug|Any CPU.Build.0 = Debug|Any CPU
		{5F1F0C30-1615-4206-906A-55FF80A8F473}.Debug|ARM.ActiveCfg = Debug|Any CPU
		{5F1F0C30-1615-4206-906A-55FF80A8F473}.Debug|ARM.Build.0 = Debug|Any CPU
		{5F1F0C30-1615-4206-906A-55FF80A8F473}.Debug|iPhone.ActiveCfg = Debug|Any CPU
		{5F1F0C30-1615-4206-906A-55FF80A8F473}.Debug|iPhone.Build.0 = Debug|Any CPU
		{5F1F0C30-1615-4206-906A-55FF80A8F473}.Debug|iPhoneSimulator.ActiveCfg = Debug|Any CPU
		{5F1F0C30-1615-4206-906A-55FF80A8F473}.Debug|iPhoneSimulator.Build.0 = Debug|Any CPU
		{5F1F0C30-1615-4206-906A-55FF80A8F473}.Debug|x64.ActiveCfg = Debug|Any CPU
		{5F1F0C30-1615-4206-906A-55FF80A8F473}.Debug|x64.Build.0 = Debug|Any CPU
		{5F1F0C30-1615-4206-906A-55FF80A8F473}.Debug|x86.ActiveCfg = Debug|Any CPU
		{5F1F0C30-1615-4206-906A-55FF80A8F473}.Debug|x86.Build.0 = Debug|Any CPU
		{5F1F0C30-1615-4206-906A-55FF80A8F473}.Release|Any CPU.ActiveCfg = Release|Any CPU
		{5F1F0C30-1615-4206-906A-55FF80A8F473}.Release|Any CPU.Build.0 = Release|Any CPU
		{5F1F0C30-1615-4206-906A-55FF80A8F473}.Release|ARM.ActiveCfg = Release|Any CPU
		{5F1F0C30-1615-4206-906A-55FF80A8F473}.Release|ARM.Build.0 = Release|Any CPU
		{5F1F0C30-1615-4206-906A-55FF80A8F473}.Release|iPhone.ActiveCfg = Release|Any CPU
		{5F1F0C30-1615-4206-906A-55FF80A8F473}.Release|iPhone.Build.0 = Release|Any CPU
		{5F1F0C30-1615-4206-906A-55FF80A8F473}.Release|iPhoneSimulator.ActiveCfg = Release|Any CPU
		{5F1F0C30-1615-4206-906A-55FF80A8F473}.Release|iPhoneSimulator.Build.0 = Release|Any CPU
		{5F1F0C30-1615-4206-906A-55FF80A8F473}.Release|x64.ActiveCfg = Release|Any CPU
		{5F1F0C30-1615-4206-906A-55FF80A8F473}.Release|x64.Build.0 = Release|Any CPU
		{5F1F0C30-1615-4206-906A-55FF80A8F473}.Release|x86.ActiveCfg = Release|Any CPU
		{5F1F0C30-1615-4206-906A-55FF80A8F473}.Release|x86.Build.0 = Release|Any CPU
		{C5FB65A1-E8D4-4A95-A967-82DE8C3320A0}.Debug|Any CPU.ActiveCfg = Debug|Any CPU
		{C5FB65A1-E8D4-4A95-A967-82DE8C3320A0}.Debug|Any CPU.Build.0 = Debug|Any CPU
		{C5FB65A1-E8D4-4A95-A967-82DE8C3320A0}.Debug|ARM.ActiveCfg = Debug|Any CPU
		{C5FB65A1-E8D4-4A95-A967-82DE8C3320A0}.Debug|ARM.Build.0 = Debug|Any CPU
		{C5FB65A1-E8D4-4A95-A967-82DE8C3320A0}.Debug|iPhone.ActiveCfg = Debug|Any CPU
		{C5FB65A1-E8D4-4A95-A967-82DE8C3320A0}.Debug|iPhone.Build.0 = Debug|Any CPU
		{C5FB65A1-E8D4-4A95-A967-82DE8C3320A0}.Debug|iPhoneSimulator.ActiveCfg = Debug|Any CPU
		{C5FB65A1-E8D4-4A95-A967-82DE8C3320A0}.Debug|iPhoneSimulator.Build.0 = Debug|Any CPU
		{C5FB65A1-E8D4-4A95-A967-82DE8C3320A0}.Debug|x64.ActiveCfg = Debug|Any CPU
		{C5FB65A1-E8D4-4A95-A967-82DE8C3320A0}.Debug|x64.Build.0 = Debug|Any CPU
		{C5FB65A1-E8D4-4A95-A967-82DE8C3320A0}.Debug|x86.ActiveCfg = Debug|Any CPU
		{C5FB65A1-E8D4-4A95-A967-82DE8C3320A0}.Debug|x86.Build.0 = Debug|Any CPU
		{C5FB65A1-E8D4-4A95-A967-82DE8C3320A0}.Release|Any CPU.ActiveCfg = Release|Any CPU
		{C5FB65A1-E8D4-4A95-A967-82DE8C3320A0}.Release|Any CPU.Build.0 = Release|Any CPU
		{C5FB65A1-E8D4-4A95-A967-82DE8C3320A0}.Release|ARM.ActiveCfg = Release|Any CPU
		{C5FB65A1-E8D4-4A95-A967-82DE8C3320A0}.Release|ARM.Build.0 = Release|Any CPU
		{C5FB65A1-E8D4-4A95-A967-82DE8C3320A0}.Release|iPhone.ActiveCfg = Release|Any CPU
		{C5FB65A1-E8D4-4A95-A967-82DE8C3320A0}.Release|iPhone.Build.0 = Release|Any CPU
		{C5FB65A1-E8D4-4A95-A967-82DE8C3320A0}.Release|iPhoneSimulator.ActiveCfg = Release|Any CPU
		{C5FB65A1-E8D4-4A95-A967-82DE8C3320A0}.Release|iPhoneSimulator.Build.0 = Release|Any CPU
		{C5FB65A1-E8D4-4A95-A967-82DE8C3320A0}.Release|x64.ActiveCfg = Release|Any CPU
		{C5FB65A1-E8D4-4A95-A967-82DE8C3320A0}.Release|x64.Build.0 = Release|Any CPU
		{C5FB65A1-E8D4-4A95-A967-82DE8C3320A0}.Release|x86.ActiveCfg = Release|Any CPU
		{C5FB65A1-E8D4-4A95-A967-82DE8C3320A0}.Release|x86.Build.0 = Release|Any CPU
		{734232C6-8F7E-410E-922B-9AC190805569}.Debug|Any CPU.ActiveCfg = Debug|Any CPU
		{734232C6-8F7E-410E-922B-9AC190805569}.Debug|Any CPU.Build.0 = Debug|Any CPU
		{734232C6-8F7E-410E-922B-9AC190805569}.Debug|ARM.ActiveCfg = Debug|Any CPU
		{734232C6-8F7E-410E-922B-9AC190805569}.Debug|ARM.Build.0 = Debug|Any CPU
		{734232C6-8F7E-410E-922B-9AC190805569}.Debug|iPhone.ActiveCfg = Debug|Any CPU
		{734232C6-8F7E-410E-922B-9AC190805569}.Debug|iPhone.Build.0 = Debug|Any CPU
		{734232C6-8F7E-410E-922B-9AC190805569}.Debug|iPhoneSimulator.ActiveCfg = Debug|Any CPU
		{734232C6-8F7E-410E-922B-9AC190805569}.Debug|iPhoneSimulator.Build.0 = Debug|Any CPU
		{734232C6-8F7E-410E-922B-9AC190805569}.Debug|x64.ActiveCfg = Debug|Any CPU
		{734232C6-8F7E-410E-922B-9AC190805569}.Debug|x64.Build.0 = Debug|Any CPU
		{734232C6-8F7E-410E-922B-9AC190805569}.Debug|x86.ActiveCfg = Debug|Any CPU
		{734232C6-8F7E-410E-922B-9AC190805569}.Debug|x86.Build.0 = Debug|Any CPU
		{734232C6-8F7E-410E-922B-9AC190805569}.Release|Any CPU.ActiveCfg = Release|Any CPU
		{734232C6-8F7E-410E-922B-9AC190805569}.Release|Any CPU.Build.0 = Release|Any CPU
		{734232C6-8F7E-410E-922B-9AC190805569}.Release|ARM.ActiveCfg = Release|Any CPU
		{734232C6-8F7E-410E-922B-9AC190805569}.Release|ARM.Build.0 = Release|Any CPU
		{734232C6-8F7E-410E-922B-9AC190805569}.Release|iPhone.ActiveCfg = Release|Any CPU
		{734232C6-8F7E-410E-922B-9AC190805569}.Release|iPhone.Build.0 = Release|Any CPU
		{734232C6-8F7E-410E-922B-9AC190805569}.Release|iPhoneSimulator.ActiveCfg = Release|Any CPU
		{734232C6-8F7E-410E-922B-9AC190805569}.Release|iPhoneSimulator.Build.0 = Release|Any CPU
		{734232C6-8F7E-410E-922B-9AC190805569}.Release|x64.ActiveCfg = Release|Any CPU
		{734232C6-8F7E-410E-922B-9AC190805569}.Release|x64.Build.0 = Release|Any CPU
		{734232C6-8F7E-410E-922B-9AC190805569}.Release|x86.ActiveCfg = Release|Any CPU
		{734232C6-8F7E-410E-922B-9AC190805569}.Release|x86.Build.0 = Release|Any CPU
	EndGlobalSection
	GlobalSection(SolutionProperties) = preSolution
		HideSolutionNode = FALSE
	EndGlobalSection
	GlobalSection(NestedProjects) = preSolution
		{4EBF9E81-79B4-460D-92EF-40458190F6FD} = {37DCC9AA-2656-4624-928C-5551D8DB5E46}
		{37DCC9AA-2656-4624-928C-5551D8DB5E46} = {F0C2776B-2708-42DB-9DB3-E82D65AEFA2B}
		{0C774107-63A9-407A-9098-3A8D273C7323} = {EF41C1D2-CF13-4222-B450-9B57338404B8}
		{0400A24B-4B4A-45B8-B424-833C2B761706} = {EF41C1D2-CF13-4222-B450-9B57338404B8}
		{CDC1C086-E447-4183-83C6-C985DB842443} = {EF41C1D2-CF13-4222-B450-9B57338404B8}
		{993259EA-EBF5-4E0F-A705-55C13EC49DC7} = {EF41C1D2-CF13-4222-B450-9B57338404B8}
		{F2E54989-FB65-45E3-9223-6664F998F5D3} = {25ED61A0-6F6C-4BE6-85C5-145E87B7F63A}
		{8F0F1F3B-A3AF-46D2-A8B3-8AD131F47262} = {F2E54989-FB65-45E3-9223-6664F998F5D3}
		{30C9D310-E938-4AB9-BCB9-CD71E52C29AF} = {F2E54989-FB65-45E3-9223-6664F998F5D3}
		{3368C55C-0FC1-4019-A956-AB2BE569DE07} = {F2E54989-FB65-45E3-9223-6664F998F5D3}
		{19150A06-0119-498F-9B97-01A92C8E2EFA} = {F2E54989-FB65-45E3-9223-6664F998F5D3}
		{A7A4D616-D5D5-4429-B49F-DD5CD9E6D9A3} = {F2E54989-FB65-45E3-9223-6664F998F5D3}
		{511B06EA-BC95-4936-A400-51DA2DF987C7} = {25ED61A0-6F6C-4BE6-85C5-145E87B7F63A}
		{DB92235E-2CBF-477D-9325-0CD9B5C301B4} = {511B06EA-BC95-4936-A400-51DA2DF987C7}
		{470AB180-EBB6-4AAA-BA8A-7DE1B9BC95C8} = {511B06EA-BC95-4936-A400-51DA2DF987C7}
		{8A4FD764-C47E-4359-9330-8AE34F3960EB} = {A77ADE6A-9453-4270-BA8F-A8B4B384FBB6}
		{360C26AA-755E-48E6-A7D4-9285712E6DFF} = {8A4FD764-C47E-4359-9330-8AE34F3960EB}
		{C2E65619-BE1A-4465-8BF9-38C7D11CFE6A} = {A77ADE6A-9453-4270-BA8F-A8B4B384FBB6}
		{B6AC2CF5-775F-4AD8-8EDC-A810E3746D50} = {C2E65619-BE1A-4465-8BF9-38C7D11CFE6A}
		{7AFA422B-7BD0-4592-8803-B0B95BA0C971} = {360C26AA-755E-48E6-A7D4-9285712E6DFF}
		{AE5D24F5-011F-4632-94E2-5503E05B4B1F} = {37DCC9AA-2656-4624-928C-5551D8DB5E46}
		{35E68BD4-2E78-4B7F-88E5-C398234E397B} = {BAF82B72-CE27-41F6-9B0F-FB6B59F172EB}
		{EF41C1D2-CF13-4222-B450-9B57338404B8} = {4EBF9E81-79B4-460D-92EF-40458190F6FD}
		{C097E421-5625-4A1C-98FF-06DC3904376B} = {2EB05E50-73DE-4157-BE8A-943DF77D0B0D}
		{71B5955F-0BF0-4D63-8BC8-1BE9DA28F194} = {C097E421-5625-4A1C-98FF-06DC3904376B}
		{2EB05E50-73DE-4157-BE8A-943DF77D0B0D} = {4EBF9E81-79B4-460D-92EF-40458190F6FD}
		{2F5928EA-8B94-4DA6-A100-8B3FB95DC0F2} = {2EB05E50-73DE-4157-BE8A-943DF77D0B0D}
		{34886A90-D7B2-409B-A7F5-B55BDE35E89E} = {2EB05E50-73DE-4157-BE8A-943DF77D0B0D}
		{A827DB82-B171-4C4C-A4D9-2F30EE91DBA1} = {2F5928EA-8B94-4DA6-A100-8B3FB95DC0F2}
		{8D987419-887A-4404-8F73-8C58689DBD3E} = {2F5928EA-8B94-4DA6-A100-8B3FB95DC0F2}
		{7BD10C1C-AF70-4729-8B23-64170BE6DE57} = {34886A90-D7B2-409B-A7F5-B55BDE35E89E}
		{5F1F0C30-1615-4206-906A-55FF80A8F473} = {34886A90-D7B2-409B-A7F5-B55BDE35E89E}
		{C5FB65A1-E8D4-4A95-A967-82DE8C3320A0} = {34886A90-D7B2-409B-A7F5-B55BDE35E89E}
		{BAF82B72-CE27-41F6-9B0F-FB6B59F172EB} = {AE5D24F5-011F-4632-94E2-5503E05B4B1F}
		{3EB25FFC-B637-451F-B290-E07B61171A5F} = {AE5D24F5-011F-4632-94E2-5503E05B4B1F}
		{734232C6-8F7E-410E-922B-9AC190805569} = {3EB25FFC-B637-451F-B290-E07B61171A5F}
	EndGlobalSection
	GlobalSection(ExtensibilityGlobals) = postSolution
		RESX_ShowPerformanceTraces = True
		RESX_ShowErrorsInErrorList = True
		RESX_AutoCreateNewLanguageFiles = True
		RESX_SortFileContentOnSave = False
		SolutionGuid = {2B1CA6A8-EB1B-47D8-8C59-5A0D856CBA16}
	EndGlobalSection
EndGlobal
