
Microsoft Visual Studio Solution File, Format Version 12.00
# Visual Studio Version 17
VisualStudioVersion = 17.0.31611.283
MinimumVisualStudioVersion = 10.0.40219.1
Project("{9A19103F-16F7-4668-BE54-9A1E7A4F7556}") = "Erni.Mobile.MAUI", "Erni.Mobile.MAUI\Erni.Mobile.MAUI.csproj", "{313CE4E1-536A-4E17-80AF-CE09AA502946}"
EndProject
Project("{2150E333-8FDC-42A3-9474-1A3956D46DE8}") = "src", "src", "{3F94FEA3-3BB7-4CC2-B9CB-6D1420876BC2}"
EndProject
Project("{2150E333-8FDC-42A3-9474-1A3956D46DE8}") = "test", "test", "{C66DF854-2A17-4E83-9768-DFC7722AC9FE}"
EndProject
Project("{2150E333-8FDC-42A3-9474-1A3956D46DE8}") = "Core", "Core", "{46D96AD3-3D92-4EC3-8ECC-F8186406985D}"
EndProject
Project("{2150E333-8FDC-42A3-9474-1A3956D46DE8}") = "Engines", "Engines", "{0C15D577-4678-4874-873C-58378CE1B8D8}"
EndProject
Project("{2150E333-8FDC-42A3-9474-1A3956D46DE8}") = "AutomationTesting", "AutomationTesting", "{C1A05542-C77E-4A23-9566-8481DBA767AE}"
EndProject
Project("{9A19103F-16F7-4668-BE54-9A1E7A4F7556}") = "TestWare.Core", "..\..\..\automationtestware\src\Core\TestWare.Core\TestWare.Core.csproj", "{A8165EF6-8351-4613-B9BA-7C753D8BAB98}"
EndProject
Project("{9A19103F-16F7-4668-BE54-9A1E7A4F7556}") = "TestWare.ExtentReport", "..\..\..\automationtestware\src\Core\TestWare.TestReport\TestWare.ExtentReport.csproj", "{A8659A80-21DA-4FD0-B189-E58052A3BA3F}"
EndProject
Project("{9A19103F-16F7-4668-BE54-9A1E7A4F7556}") = "TestWare.Engines.Appium", "..\..\..\automationtestware\src\Engines\TestWare.Engines.Appium\TestWare.Engines.Appium.csproj", "{9A65EA20-D514-4969-83BB-4E233BD62227}"
EndProject
Project("{9A19103F-16F7-4668-BE54-9A1E7A4F7556}") = "TestWare.Engines.Appium.WinAppDriver", "..\..\..\automationtestware\src\Engines\TestWare.Engines.WinAppDriver\TestWare.Engines.Appium.WinAppDriver.csproj", "{28510099-B5DB-4B90-A767-D4CAEFCB7CC4}"
EndProject
Project("{9A19103F-16F7-4668-BE54-9A1E7A4F7556}") = "TestWare.Engines.Selenium", "..\..\..\automationtestware\src\Engines\TestWare.Engines.Selenium\TestWare.Engines.Selenium.csproj", "{A22F010E-9BB7-4506-8AF6-23C4BB41D919}"
EndProject
Project("{FAE04EC0-301F-11D3-BF4B-00C04F79EFBC}") = "Erni.Mobile.MAUI.Test", "Erni.Mobile.MAUI.Test\Erni.Mobile.MAUI.Test.csproj", "{A917E1FD-D620-451D-A42B-0FA0D408016D}"
EndProject
Global
	GlobalSection(SolutionConfigurationPlatforms) = preSolution
		Debug|Any CPU = Debug|Any CPU
		Release|Any CPU = Release|Any CPU
	EndGlobalSection
	GlobalSection(ProjectConfigurationPlatforms) = postSolution
		{313CE4E1-536A-4E17-80AF-CE09AA502946}.Debug|Any CPU.ActiveCfg = Debug|Any CPU
		{313CE4E1-536A-4E17-80AF-CE09AA502946}.Debug|Any CPU.Build.0 = Debug|Any CPU
		{313CE4E1-536A-4E17-80AF-CE09AA502946}.Debug|Any CPU.Deploy.0 = Debug|Any CPU
		{313CE4E1-536A-4E17-80AF-CE09AA502946}.Release|Any CPU.ActiveCfg = Release|Any CPU
		{313CE4E1-536A-4E17-80AF-CE09AA502946}.Release|Any CPU.Build.0 = Release|Any CPU
		{313CE4E1-536A-4E17-80AF-CE09AA502946}.Release|Any CPU.Deploy.0 = Release|Any CPU
		{A8165EF6-8351-4613-B9BA-7C753D8BAB98}.Debug|Any CPU.ActiveCfg = Debug|Any CPU
		{A8165EF6-8351-4613-B9BA-7C753D8BAB98}.Debug|Any CPU.Build.0 = Debug|Any CPU
		{A8165EF6-8351-4613-B9BA-7C753D8BAB98}.Release|Any CPU.ActiveCfg = Release|Any CPU
		{A8165EF6-8351-4613-B9BA-7C753D8BAB98}.Release|Any CPU.Build.0 = Release|Any CPU
		{A8659A80-21DA-4FD0-B189-E58052A3BA3F}.Debug|Any CPU.ActiveCfg = Debug|Any CPU
		{A8659A80-21DA-4FD0-B189-E58052A3BA3F}.Debug|Any CPU.Build.0 = Debug|Any CPU
		{A8659A80-21DA-4FD0-B189-E58052A3BA3F}.Release|Any CPU.ActiveCfg = Release|Any CPU
		{A8659A80-21DA-4FD0-B189-E58052A3BA3F}.Release|Any CPU.Build.0 = Release|Any CPU
		{9A65EA20-D514-4969-83BB-4E233BD62227}.Debug|Any CPU.ActiveCfg = Debug|Any CPU
		{9A65EA20-D514-4969-83BB-4E233BD62227}.Debug|Any CPU.Build.0 = Debug|Any CPU
		{9A65EA20-D514-4969-83BB-4E233BD62227}.Release|Any CPU.ActiveCfg = Release|Any CPU
		{9A65EA20-D514-4969-83BB-4E233BD62227}.Release|Any CPU.Build.0 = Release|Any CPU
		{28510099-B5DB-4B90-A767-D4CAEFCB7CC4}.Debug|Any CPU.ActiveCfg = Debug|Any CPU
		{28510099-B5DB-4B90-A767-D4CAEFCB7CC4}.Debug|Any CPU.Build.0 = Debug|Any CPU
		{28510099-B5DB-4B90-A767-D4CAEFCB7CC4}.Release|Any CPU.ActiveCfg = Release|Any CPU
		{28510099-B5DB-4B90-A767-D4CAEFCB7CC4}.Release|Any CPU.Build.0 = Release|Any CPU
		{A22F010E-9BB7-4506-8AF6-23C4BB41D919}.Debug|Any CPU.ActiveCfg = Debug|Any CPU
		{A22F010E-9BB7-4506-8AF6-23C4BB41D919}.Debug|Any CPU.Build.0 = Debug|Any CPU
		{A22F010E-9BB7-4506-8AF6-23C4BB41D919}.Release|Any CPU.ActiveCfg = Release|Any CPU
		{A22F010E-9BB7-4506-8AF6-23C4BB41D919}.Release|Any CPU.Build.0 = Release|Any CPU
		{A917E1FD-D620-451D-A42B-0FA0D408016D}.Debug|Any CPU.ActiveCfg = Debug|Any CPU
		{A917E1FD-D620-451D-A42B-0FA0D408016D}.Debug|Any CPU.Build.0 = Debug|Any CPU
		{A917E1FD-D620-451D-A42B-0FA0D408016D}.Release|Any CPU.ActiveCfg = Release|Any CPU
		{A917E1FD-D620-451D-A42B-0FA0D408016D}.Release|Any CPU.Build.0 = Release|Any CPU
	EndGlobalSection
	GlobalSection(SolutionProperties) = preSolution
		HideSolutionNode = FALSE
	EndGlobalSection
	GlobalSection(NestedProjects) = preSolution
		{313CE4E1-536A-4E17-80AF-CE09AA502946} = {3F94FEA3-3BB7-4CC2-B9CB-6D1420876BC2}
		{46D96AD3-3D92-4EC3-8ECC-F8186406985D} = {C66DF854-2A17-4E83-9768-DFC7722AC9FE}
		{0C15D577-4678-4874-873C-58378CE1B8D8} = {C66DF854-2A17-4E83-9768-DFC7722AC9FE}
		{C1A05542-C77E-4A23-9566-8481DBA767AE} = {C66DF854-2A17-4E83-9768-DFC7722AC9FE}
		{A8165EF6-8351-4613-B9BA-7C753D8BAB98} = {46D96AD3-3D92-4EC3-8ECC-F8186406985D}
		{A8659A80-21DA-4FD0-B189-E58052A3BA3F} = {46D96AD3-3D92-4EC3-8ECC-F8186406985D}
		{9A65EA20-D514-4969-83BB-4E233BD62227} = {0C15D577-4678-4874-873C-58378CE1B8D8}
		{28510099-B5DB-4B90-A767-D4CAEFCB7CC4} = {0C15D577-4678-4874-873C-58378CE1B8D8}
		{A22F010E-9BB7-4506-8AF6-23C4BB41D919} = {0C15D577-4678-4874-873C-58378CE1B8D8}
		{A917E1FD-D620-451D-A42B-0FA0D408016D} = {C1A05542-C77E-4A23-9566-8481DBA767AE}
	EndGlobalSection
	GlobalSection(ExtensibilityGlobals) = postSolution
		SolutionGuid = {61F7FB11-1E47-470C-91E2-47F8143E1572}
	EndGlobalSection
EndGlobal
